// !$*UTF8*$!
{
	archiveVersion = 1;
	classes = {
	};
	objectVersion = 50;
	objects = {

/* Begin PBXBuildFile section */
		32A8ABAC228FA63A0005F620 /* AppDelegate.swift in Sources */ = {isa = PBXBuildFile; fileRef = 32A8ABAB228FA63A0005F620 /* AppDelegate.swift */; };
		32A8ABAE228FA63A0005F620 /* ViewController.swift in Sources */ = {isa = PBXBuildFile; fileRef = 32A8ABAD228FA63A0005F620 /* ViewController.swift */; };
		32A8ABB1228FA63A0005F620 /* Main.storyboard in Resources */ = {isa = PBXBuildFile; fileRef = 32A8ABAF228FA63A0005F620 /* Main.storyboard */; };
		32A8ABB3228FA63B0005F620 /* Assets.xcassets in Resources */ = {isa = PBXBuildFile; fileRef = 32A8ABB2228FA63B0005F620 /* Assets.xcassets */; };
		32A8ABB6228FA63B0005F620 /* LaunchScreen.storyboard in Resources */ = {isa = PBXBuildFile; fileRef = 32A8ABB4228FA63B0005F620 /* LaunchScreen.storyboard */; };
		32A8ABC1228FA63B0005F620 /* RenderImageTextureTests.swift in Sources */ = {isa = PBXBuildFile; fileRef = 32A8ABC0228FA63B0005F620 /* RenderImageTextureTests.swift */; };
		32A8ABCC228FA63B0005F620 /* RenderImageTextureUITests.swift in Sources */ = {isa = PBXBuildFile; fileRef = 32A8ABCB228FA63B0005F620 /* RenderImageTextureUITests.swift */; };
		32A8ABDA228FA91D0005F620 /* ImageRenderer.swift in Sources */ = {isa = PBXBuildFile; fileRef = 32A8ABD9228FA91D0005F620 /* ImageRenderer.swift */; };
		32A8ABDC228FADF00005F620 /* test_antialiseing.jpg in Resources */ = {isa = PBXBuildFile; fileRef = 32A8ABDB228FADF00005F620 /* test_antialiseing.jpg */; };
		32A8ABDE228FB7780005F620 /* ImageSharders.metal in Sources */ = {isa = PBXBuildFile; fileRef = 32A8ABDD228FB7780005F620 /* ImageSharders.metal */; };
		32A8ABE022924DAF0005F620 /* SharderDefine.swift in Sources */ = {isa = PBXBuildFile; fileRef = 32A8ABDF22924DAF0005F620 /* SharderDefine.swift */; };
/* End PBXBuildFile section */

/* Begin PBXContainerItemProxy section */
		32A8ABBD228FA63B0005F620 /* PBXContainerItemProxy */ = {
			isa = PBXContainerItemProxy;
			containerPortal = 32A8ABA0228FA63A0005F620 /* Project object */;
			proxyType = 1;
			remoteGlobalIDString = 32A8ABA7228FA63A0005F620;
			remoteInfo = RenderImageTexture;
		};
		32A8ABC8228FA63B0005F620 /* PBXContainerItemProxy */ = {
			isa = PBXContainerItemProxy;
			containerPortal = 32A8ABA0228FA63A0005F620 /* Project object */;
			proxyType = 1;
			remoteGlobalIDString = 32A8ABA7228FA63A0005F620;
			remoteInfo = RenderImageTexture;
		};
/* End PBXContainerItemProxy section */

/* Begin PBXFileReference section */
		32A8ABA8228FA63A0005F620 /* RenderImageTexture.app */ = {isa = PBXFileReference; explicitFileType = wrapper.application; includeInIndex = 0; path = RenderImageTexture.app; sourceTree = BUILT_PRODUCTS_DIR; };
		32A8ABAB228FA63A0005F620 /* AppDelegate.swift */ = {isa = PBXFileReference; lastKnownFileType = sourcecode.swift; path = AppDelegate.swift; sourceTree = "<group>"; };
		32A8ABAD228FA63A0005F620 /* ViewController.swift */ = {isa = PBXFileReference; lastKnownFileType = sourcecode.swift; path = ViewController.swift; sourceTree = "<group>"; };
		32A8ABB0228FA63A0005F620 /* Base */ = {isa = PBXFileReference; lastKnownFileType = file.storyboard; name = Base; path = Base.lproj/Main.storyboard; sourceTree = "<group>"; };
		32A8ABB2228FA63B0005F620 /* Assets.xcassets */ = {isa = PBXFileReference; lastKnownFileType = folder.assetcatalog; path = Assets.xcassets; sourceTree = "<group>"; };
		32A8ABB5228FA63B0005F620 /* Base */ = {isa = PBXFileReference; lastKnownFileType = file.storyboard; name = Base; path = Base.lproj/LaunchScreen.storyboard; sourceTree = "<group>"; };
		32A8ABB7228FA63B0005F620 /* Info.plist */ = {isa = PBXFileReference; lastKnownFileType = text.plist.xml; path = Info.plist; sourceTree = "<group>"; };
		32A8ABBC228FA63B0005F620 /* RenderImageTextureTests.xctest */ = {isa = PBXFileReference; explicitFileType = wrapper.cfbundle; includeInIndex = 0; path = RenderImageTextureTests.xctest; sourceTree = BUILT_PRODUCTS_DIR; };
		32A8ABC0228FA63B0005F620 /* RenderImageTextureTests.swift */ = {isa = PBXFileReference; lastKnownFileType = sourcecode.swift; path = RenderImageTextureTests.swift; sourceTree = "<group>"; };
		32A8ABC2228FA63B0005F620 /* Info.plist */ = {isa = PBXFileReference; lastKnownFileType = text.plist.xml; path = Info.plist; sourceTree = "<group>"; };
		32A8ABC7228FA63B0005F620 /* RenderImageTextureUITests.xctest */ = {isa = PBXFileReference; explicitFileType = wrapper.cfbundle; includeInIndex = 0; path = RenderImageTextureUITests.xctest; sourceTree = BUILT_PRODUCTS_DIR; };
		32A8ABCB228FA63B0005F620 /* RenderImageTextureUITests.swift */ = {isa = PBXFileReference; lastKnownFileType = sourcecode.swift; path = RenderImageTextureUITests.swift; sourceTree = "<group>"; };
		32A8ABCD228FA63B0005F620 /* Info.plist */ = {isa = PBXFileReference; lastKnownFileType = text.plist.xml; path = Info.plist; sourceTree = "<group>"; };
		32A8ABD9228FA91D0005F620 /* ImageRenderer.swift */ = {isa = PBXFileReference; lastKnownFileType = sourcecode.swift; path = ImageRenderer.swift; sourceTree = "<group>"; };
		32A8ABDB228FADF00005F620 /* test_antialiseing.jpg */ = {isa = PBXFileReference; lastKnownFileType = image.jpeg; path = test_antialiseing.jpg; sourceTree = "<group>"; };
		32A8ABDD228FB7780005F620 /* ImageSharders.metal */ = {isa = PBXFileReference; lastKnownFileType = sourcecode.metal; path = ImageSharders.metal; sourceTree = "<group>"; };
		32A8ABDF22924DAF0005F620 /* SharderDefine.swift */ = {isa = PBXFileReference; lastKnownFileType = sourcecode.swift; path = SharderDefine.swift; sourceTree = "<group>"; };
/* End PBXFileReference section */

/* Begin PBXFrameworksBuildPhase section */
		32A8ABA5228FA63A0005F620 /* Frameworks */ = {
			isa = PBXFrameworksBuildPhase;
			buildActionMask = 2147483647;
			files = (
			);
			runOnlyForDeploymentPostprocessing = 0;
		};
		32A8ABB9228FA63B0005F620 /* Frameworks */ = {
			isa = PBXFrameworksBuildPhase;
			buildActionMask = 2147483647;
			files = (
			);
			runOnlyForDeploymentPostprocessing = 0;
		};
		32A8ABC4228FA63B0005F620 /* Frameworks */ = {
			isa = PBXFrameworksBuildPhase;
			buildActionMask = 2147483647;
			files = (
			);
			runOnlyForDeploymentPostprocessing = 0;
		};
/* End PBXFrameworksBuildPhase section */

/* Begin PBXGroup section */
		32A8AB9F228FA63A0005F620 = {
			isa = PBXGroup;
			children = (
				32A8ABAA228FA63A0005F620 /* RenderImageTexture */,
				32A8ABBF228FA63B0005F620 /* RenderImageTextureTests */,
				32A8ABCA228FA63B0005F620 /* RenderImageTextureUITests */,
				32A8ABA9228FA63A0005F620 /* Products */,
			);
			sourceTree = "<group>";
		};
		32A8ABA9228FA63A0005F620 /* Products */ = {
			isa = PBXGroup;
			children = (
				32A8ABA8228FA63A0005F620 /* RenderImageTexture.app */,
				32A8ABBC228FA63B0005F620 /* RenderImageTextureTests.xctest */,
				32A8ABC7228FA63B0005F620 /* RenderImageTextureUITests.xctest */,
			);
			name = Products;
			sourceTree = "<group>";
		};
		32A8ABAA228FA63A0005F620 /* RenderImageTexture */ = {
			isa = PBXGroup;
			children = (
				32A8ABDB228FADF00005F620 /* test_antialiseing.jpg */,
				32A8ABAB228FA63A0005F620 /* AppDelegate.swift */,
				32A8ABAD228FA63A0005F620 /* ViewController.swift */,
				32A8ABAF228FA63A0005F620 /* Main.storyboard */,
				32A8ABB2228FA63B0005F620 /* Assets.xcassets */,
				32A8ABB4228FA63B0005F620 /* LaunchScreen.storyboard */,
				32A8ABB7228FA63B0005F620 /* Info.plist */,
				32A8ABD9228FA91D0005F620 /* ImageRenderer.swift */,
				32A8ABDD228FB7780005F620 /* ImageSharders.metal */,
				32A8ABDF22924DAF0005F620 /* SharderDefine.swift */,
			);
			path = RenderImageTexture;
			sourceTree = "<group>";
		};
		32A8ABBF228FA63B0005F620 /* RenderImageTextureTests */ = {
			isa = PBXGroup;
			children = (
				32A8ABC0228FA63B0005F620 /* RenderImageTextureTests.swift */,
				32A8ABC2228FA63B0005F620 /* Info.plist */,
			);
			path = RenderImageTextureTests;
			sourceTree = "<group>";
		};
		32A8ABCA228FA63B0005F620 /* RenderImageTextureUITests */ = {
			isa = PBXGroup;
			children = (
				32A8ABCB228FA63B0005F620 /* RenderImageTextureUITests.swift */,
				32A8ABCD228FA63B0005F620 /* Info.plist */,
			);
			path = RenderImageTextureUITests;
			sourceTree = "<group>";
		};
/* End PBXGroup section */

/* Begin PBXNativeTarget section */
		32A8ABA7228FA63A0005F620 /* RenderImageTexture */ = {
			isa = PBXNativeTarget;
			buildConfigurationList = 32A8ABD0228FA63B0005F620 /* Build configuration list for PBXNativeTarget "RenderImageTexture" */;
			buildPhases = (
				32A8ABA4228FA63A0005F620 /* Sources */,
				32A8ABA5228FA63A0005F620 /* Frameworks */,
				32A8ABA6228FA63A0005F620 /* Resources */,
			);
			buildRules = (
			);
			dependencies = (
			);
			name = RenderImageTexture;
			productName = RenderImageTexture;
			productReference = 32A8ABA8228FA63A0005F620 /* RenderImageTexture.app */;
			productType = "com.apple.product-type.application";
		};
		32A8ABBB228FA63B0005F620 /* RenderImageTextureTests */ = {
			isa = PBXNativeTarget;
			buildConfigurationList = 32A8ABD3228FA63B0005F620 /* Build configuration list for PBXNativeTarget "RenderImageTextureTests" */;
			buildPhases = (
				32A8ABB8228FA63B0005F620 /* Sources */,
				32A8ABB9228FA63B0005F620 /* Frameworks */,
				32A8ABBA228FA63B0005F620 /* Resources */,
			);
			buildRules = (
			);
			dependencies = (
				32A8ABBE228FA63B0005F620 /* PBXTargetDependency */,
			);
			name = RenderImageTextureTests;
			productName = RenderImageTextureTests;
			productReference = 32A8ABBC228FA63B0005F620 /* RenderImageTextureTests.xctest */;
			productType = "com.apple.product-type.bundle.unit-test";
		};
		32A8ABC6228FA63B0005F620 /* RenderImageTextureUITests */ = {
			isa = PBXNativeTarget;
			buildConfigurationList = 32A8ABD6228FA63B0005F620 /* Build configuration list for PBXNativeTarget "RenderImageTextureUITests" */;
			buildPhases = (
				32A8ABC3228FA63B0005F620 /* Sources */,
				32A8ABC4228FA63B0005F620 /* Frameworks */,
				32A8ABC5228FA63B0005F620 /* Resources */,
			);
			buildRules = (
			);
			dependencies = (
				32A8ABC9228FA63B0005F620 /* PBXTargetDependency */,
			);
			name = RenderImageTextureUITests;
			productName = RenderImageTextureUITests;
			productReference = 32A8ABC7228FA63B0005F620 /* RenderImageTextureUITests.xctest */;
			productType = "com.apple.product-type.bundle.ui-testing";
		};
/* End PBXNativeTarget section */

/* Begin PBXProject section */
		32A8ABA0228FA63A0005F620 /* Project object */ = {
			isa = PBXProject;
			attributes = {
				LastSwiftUpdateCheck = 1020;
				LastUpgradeCheck = 1020;
				ORGANIZATIONNAME = ChenYuanfu;
				TargetAttributes = {
					32A8ABA7228FA63A0005F620 = {
						CreatedOnToolsVersion = 10.2;
					};
					32A8ABBB228FA63B0005F620 = {
						CreatedOnToolsVersion = 10.2;
						TestTargetID = 32A8ABA7228FA63A0005F620;
					};
					32A8ABC6228FA63B0005F620 = {
						CreatedOnToolsVersion = 10.2;
						TestTargetID = 32A8ABA7228FA63A0005F620;
					};
				};
			};
			buildConfigurationList = 32A8ABA3228FA63A0005F620 /* Build configuration list for PBXProject "RenderImageTexture" */;
			compatibilityVersion = "Xcode 9.3";
			developmentRegion = en;
			hasScannedForEncodings = 0;
			knownRegions = (
				en,
				Base,
			);
			mainGroup = 32A8AB9F228FA63A0005F620;
			productRefGroup = 32A8ABA9228FA63A0005F620 /* Products */;
			projectDirPath = "";
			projectRoot = "";
			targets = (
				32A8ABA7228FA63A0005F620 /* RenderImageTexture */,
				32A8ABBB228FA63B0005F620 /* RenderImageTextureTests */,
				32A8ABC6228FA63B0005F620 /* RenderImageTextureUITests */,
			);
		};
/* End PBXProject section */

/* Begin PBXResourcesBuildPhase section */
		32A8ABA6228FA63A0005F620 /* Resources */ = {
			isa = PBXResourcesBuildPhase;
			buildActionMask = 2147483647;
			files = (
				32A8ABB6228FA63B0005F620 /* LaunchScreen.storyboard in Resources */,
				32A8ABB3228FA63B0005F620 /* Assets.xcassets in Resources */,
				32A8ABB1228FA63A0005F620 /* Main.storyboard in Resources */,
				32A8ABDC228FADF00005F620 /* test_antialiseing.jpg in Resources */,
			);
			runOnlyForDeploymentPostprocessing = 0;
		};
		32A8ABBA228FA63B0005F620 /* Resources */ = {
			isa = PBXResourcesBuildPhase;
			buildActionMask = 2147483647;
			files = (
			);
			runOnlyForDeploymentPostprocessing = 0;
		};
		32A8ABC5228FA63B0005F620 /* Resources */ = {
			isa = PBXResourcesBuildPhase;
			buildActionMask = 2147483647;
			files = (
			);
			runOnlyForDeploymentPostprocessing = 0;
		};
/* End PBXResourcesBuildPhase section */

/* Begin PBXSourcesBuildPhase section */
		32A8ABA4228FA63A0005F620 /* Sources */ = {
			isa = PBXSourcesBuildPhase;
			buildActionMask = 2147483647;
			files = (
				32A8ABAE228FA63A0005F620 /* ViewController.swift in Sources */,
				32A8ABDA228FA91D0005F620 /* ImageRenderer.swift in Sources */,
				32A8ABE022924DAF0005F620 /* SharderDefine.swift in Sources */,
				32A8ABAC228FA63A0005F620 /* AppDelegate.swift in Sources */,
				32A8ABDE228FB7780005F620 /* ImageSharders.metal in Sources */,
			);
			runOnlyForDeploymentPostprocessing = 0;
		};
		32A8ABB8228FA63B0005F620 /* Sources */ = {
			isa = PBXSourcesBuildPhase;
			buildActionMask = 2147483647;
			files = (
				32A8ABC1228FA63B0005F620 /* RenderImageTextureTests.swift in Sources */,
			);
			runOnlyForDeploymentPostprocessing = 0;
		};
		32A8ABC3228FA63B0005F620 /* Sources */ = {
			isa = PBXSourcesBuildPhase;
			buildActionMask = 2147483647;
			files = (
				32A8ABCC228FA63B0005F620 /* RenderImageTextureUITests.swift in Sources */,
			);
			runOnlyForDeploymentPostprocessing = 0;
		};
/* End PBXSourcesBuildPhase section */

/* Begin PBXTargetDependency section */
		32A8ABBE228FA63B0005F620 /* PBXTargetDependency */ = {
			isa = PBXTargetDependency;
			target = 32A8ABA7228FA63A0005F620 /* RenderImageTexture */;
			targetProxy = 32A8ABBD228FA63B0005F620 /* PBXContainerItemProxy */;
		};
		32A8ABC9228FA63B0005F620 /* PBXTargetDependency */ = {
			isa = PBXTargetDependency;
			target = 32A8ABA7228FA63A0005F620 /* RenderImageTexture */;
			targetProxy = 32A8ABC8228FA63B0005F620 /* PBXContainerItemProxy */;
		};
/* End PBXTargetDependency section */

/* Begin PBXVariantGroup section */
		32A8ABAF228FA63A0005F620 /* Main.storyboard */ = {
			isa = PBXVariantGroup;
			children = (
				32A8ABB0228FA63A0005F620 /* Base */,
			);
			name = Main.storyboard;
			sourceTree = "<group>";
		};
		32A8ABB4228FA63B0005F620 /* LaunchScreen.storyboard */ = {
			isa = PBXVariantGroup;
			children = (
				32A8ABB5228FA63B0005F620 /* Base */,
			);
			name = LaunchScreen.storyboard;
			sourceTree = "<group>";
		};
/* End PBXVariantGroup section */

/* Begin XCBuildConfiguration section */
		32A8ABCE228FA63B0005F620 /* Debug */ = {
			isa = XCBuildConfiguration;
			buildSettings = {
				ALWAYS_SEARCH_USER_PATHS = NO;
				CLANG_ANALYZER_NONNULL = YES;
				CLANG_ANALYZER_NUMBER_OBJECT_CONVERSION = YES_AGGRESSIVE;
				CLANG_CXX_LANGUAGE_STANDARD = "gnu++14";
				CLANG_CXX_LIBRARY = "libc++";
				CLANG_ENABLE_MODULES = YES;
				CLANG_ENABLE_OBJC_ARC = YES;
				CLANG_ENABLE_OBJC_WEAK = YES;
				CLANG_WARN_BLOCK_CAPTURE_AUTORELEASING = YES;
				CLANG_WARN_BOOL_CONVERSION = YES;
				CLANG_WARN_COMMA = YES;
				CLANG_WARN_CONSTANT_CONVERSION = YES;
				CLANG_WARN_DEPRECATED_OBJC_IMPLEMENTATIONS = YES;
				CLANG_WARN_DIRECT_OBJC_ISA_USAGE = YES_ERROR;
				CLANG_WARN_DOCUMENTATION_COMMENTS = YES;
				CLANG_WARN_EMPTY_BODY = YES;
				CLANG_WARN_ENUM_CONVERSION = YES;
				CLANG_WARN_INFINITE_RECURSION = YES;
				CLANG_WARN_INT_CONVERSION = YES;
				CLANG_WARN_NON_LITERAL_NULL_CONVERSION = YES;
				CLANG_WARN_OBJC_IMPLICIT_RETAIN_SELF = YES;
				CLANG_WARN_OBJC_LITERAL_CONVERSION = YES;
				CLANG_WARN_OBJC_ROOT_CLASS = YES_ERROR;
				CLANG_WARN_RANGE_LOOP_ANALYSIS = YES;
				CLANG_WARN_STRICT_PROTOTYPES = YES;
				CLANG_WARN_SUSPICIOUS_MOVE = YES;
				CLANG_WARN_UNGUARDED_AVAILABILITY = YES_AGGRESSIVE;
				CLANG_WARN_UNREACHABLE_CODE = YES;
				CLANG_WARN__DUPLICATE_METHOD_MATCH = YES;
				CODE_SIGN_IDENTITY = "iPhone Developer";
				COPY_PHASE_STRIP = NO;
				DEBUG_INFORMATION_FORMAT = dwarf;
				ENABLE_STRICT_OBJC_MSGSEND = YES;
				ENABLE_TESTABILITY = YES;
				GCC_C_LANGUAGE_STANDARD = gnu11;
				GCC_DYNAMIC_NO_PIC = NO;
				GCC_NO_COMMON_BLOCKS = YES;
				GCC_OPTIMIZATION_LEVEL = 0;
				GCC_PREPROCESSOR_DEFINITIONS = (
					"DEBUG=1",
					"$(inherited)",
				);
				GCC_WARN_64_TO_32_BIT_CONVERSION = YES;
				GCC_WARN_ABOUT_RETURN_TYPE = YES_ERROR;
				GCC_WARN_UNDECLARED_SELECTOR = YES;
				GCC_WARN_UNINITIALIZED_AUTOS = YES_AGGRESSIVE;
				GCC_WARN_UNUSED_FUNCTION = YES;
				GCC_WARN_UNUSED_VARIABLE = YES;
				IPHONEOS_DEPLOYMENT_TARGET = 12.2;
				MTL_ENABLE_DEBUG_INFO = INCLUDE_SOURCE;
				MTL_FAST_MATH = YES;
				ONLY_ACTIVE_ARCH = YES;
				SDKROOT = iphoneos;
				SWIFT_ACTIVE_COMPILATION_CONDITIONS = DEBUG;
				SWIFT_OPTIMIZATION_LEVEL = "-Onone";
			};
			name = Debug;
		};
		32A8ABCF228FA63B0005F620 /* Release */ = {
			isa = XCBuildConfiguration;
			buildSettings = {
				ALWAYS_SEARCH_USER_PATHS = NO;
				CLANG_ANALYZER_NONNULL = YES;
				CLANG_ANALYZER_NUMBER_OBJECT_CONVERSION = YES_AGGRESSIVE;
				CLANG_CXX_LANGUAGE_STANDARD = "gnu++14";
				CLANG_CXX_LIBRARY = "libc++";
				CLANG_ENABLE_MODULES = YES;
				CLANG_ENABLE_OBJC_ARC = YES;
				CLANG_ENABLE_OBJC_WEAK = YES;
				CLANG_WARN_BLOCK_CAPTURE_AUTORELEASING = YES;
				CLANG_WARN_BOOL_CONVERSION = YES;
				CLANG_WARN_COMMA = YES;
				CLANG_WARN_CONSTANT_CONVERSION = YES;
				CLANG_WARN_DEPRECATED_OBJC_IMPLEMENTATIONS = YES;
				CLANG_WARN_DIRECT_OBJC_ISA_USAGE = YES_ERROR;
				CLANG_WARN_DOCUMENTATION_COMMENTS = YES;
				CLANG_WARN_EMPTY_BODY = YES;
				CLANG_WARN_ENUM_CONVERSION = YES;
				CLANG_WARN_INFINITE_RECURSION = YES;
				CLANG_WARN_INT_CONVERSION = YES;
				CLANG_WARN_NON_LITERAL_NULL_CONVERSION = YES;
				CLANG_WARN_OBJC_IMPLICIT_RETAIN_SELF = YES;
				CLANG_WARN_OBJC_LITERAL_CONVERSION = YES;
				CLANG_WARN_OBJC_ROOT_CLASS = YES_ERROR;
				CLANG_WARN_RANGE_LOOP_ANALYSIS = YES;
				CLANG_WARN_STRICT_PROTOTYPES = YES;
				CLANG_WARN_SUSPICIOUS_MOVE = YES;
				CLANG_WARN_UNGUARDED_AVAILABILITY = YES_AGGRESSIVE;
				CLANG_WARN_UNREACHABLE_CODE = YES;
				CLANG_WARN__DUPLICATE_METHOD_MATCH = YES;
				CODE_SIGN_IDENTITY = "iPhone Developer";
				COPY_PHASE_STRIP = NO;
				DEBUG_INFORMATION_FORMAT = "dwarf-with-dsym";
				ENABLE_NS_ASSERTIONS = NO;
				ENABLE_STRICT_OBJC_MSGSEND = YES;
				GCC_C_LANGUAGE_STANDARD = gnu11;
				GCC_NO_COMMON_BLOCKS = YES;
				GCC_WARN_64_TO_32_BIT_CONVERSION = YES;
				GCC_WARN_ABOUT_RETURN_TYPE = YES_ERROR;
				GCC_WARN_UNDECLARED_SELECTOR = YES;
				GCC_WARN_UNINITIALIZED_AUTOS = YES_AGGRESSIVE;
				GCC_WARN_UNUSED_FUNCTION = YES;
				GCC_WARN_UNUSED_VARIABLE = YES;
				IPHONEOS_DEPLOYMENT_TARGET = 12.2;
				MTL_ENABLE_DEBUG_INFO = NO;
				MTL_FAST_MATH = YES;
				SDKROOT = iphoneos;
				SWIFT_COMPILATION_MODE = wholemodule;
				SWIFT_OPTIMIZATION_LEVEL = "-O";
				VALIDATE_PRODUCT = YES;
			};
			name = Release;
		};
		32A8ABD1228FA63B0005F620 /* Debug */ = {
			isa = XCBuildConfiguration;
			buildSettings = {
				ASSETCATALOG_COMPILER_APPICON_NAME = AppIcon;
				CODE_SIGN_IDENTITY = "iPhone Developer";
				CODE_SIGN_STYLE = Automatic;
				DEVELOPMENT_TEAM = 7UKCH28MMH;
				INFOPLIST_FILE = RenderImageTexture/Info.plist;
				LD_RUNPATH_SEARCH_PATHS = (
					"$(inherited)",
					"@executable_path/Frameworks",
				);
				PRODUCT_BUNDLE_IDENTIFIER = "CYF.demo.metal.learn.in.hard.way.demo-1";
				PRODUCT_NAME = "$(TARGET_NAME)";
				PROVISIONING_PROFILE_SPECIFIER = "";
				SWIFT_VERSION = 5.0;
				TARGETED_DEVICE_FAMILY = "1,2";
			};
			name = Debug;
		};
		32A8ABD2228FA63B0005F620 /* Release */ = {
			isa = XCBuildConfiguration;
			buildSettings = {
				ASSETCATALOG_COMPILER_APPICON_NAME = AppIcon;
				CODE_SIGN_IDENTITY = "iPhone Developer";
				CODE_SIGN_STYLE = Automatic;
				DEVELOPMENT_TEAM = 7UKCH28MMH;
				INFOPLIST_FILE = RenderImageTexture/Info.plist;
				LD_RUNPATH_SEARCH_PATHS = (
					"$(inherited)",
					"@executable_path/Frameworks",
				);
				PRODUCT_BUNDLE_IDENTIFIER = "CYF.demo.metal.learn.in.hard.way.demo-1";
				PRODUCT_NAME = "$(TARGET_NAME)";
				PROVISIONING_PROFILE_SPECIFIER = "";
				SWIFT_VERSION = 5.0;
				TARGETED_DEVICE_FAMILY = "1,2";
			};
			name = Release;
		};
		32A8ABD4228FA63B0005F620 /* Debug */ = {
			isa = XCBuildConfiguration;
			buildSettings = {
				ALWAYS_EMBED_SWIFT_STANDARD_LIBRARIES = YES;
				BUNDLE_LOADER = "$(TEST_HOST)";
				CODE_SIGN_STYLE = Automatic;
				DEVELOPMENT_TEAM = 7UKCH28MMH;
				INFOPLIST_FILE = RenderImageTextureTests/Info.plist;
				LD_RUNPATH_SEARCH_PATHS = (
					"$(inherited)",
					"@executable_path/Frameworks",
					"@loader_path/Frameworks",
				);
				PRODUCT_BUNDLE_IDENTIFIER = "CYF.zerozero.api.demo.-PinchTestdemo.RenderImageTextureTests";
				PRODUCT_NAME = "$(TARGET_NAME)";
				SWIFT_VERSION = 5.0;
				TARGETED_DEVICE_FAMILY = "1,2";
				TEST_HOST = "$(BUILT_PRODUCTS_DIR)/RenderImageTexture.app/RenderImageTexture";
			};
			name = Debug;
		};
		32A8ABD5228FA63B0005F620 /* Release */ = {
			isa = XCBuildConfiguration;
			buildSettings = {
				ALWAYS_EMBED_SWIFT_STANDARD_LIBRARIES = YES;
				BUNDLE_LOADER = "$(TEST_HOST)";
				CODE_SIGN_STYLE = Automatic;
				DEVELOPMENT_TEAM = 7UKCH28MMH;
				INFOPLIST_FILE = RenderImageTextureTests/Info.plist;
				LD_RUNPATH_SEARCH_PATHS = (
					"$(inherited)",
					"@executable_path/Frameworks",
					"@loader_path/Frameworks",
				);
				PRODUCT_BUNDLE_IDENTIFIER = "CYF.zerozero.api.demo.-PinchTestdemo.RenderImageTextureTests";
				PRODUCT_NAME = "$(TARGET_NAME)";
				SWIFT_VERSION = 5.0;
				TARGETED_DEVICE_FAMILY = "1,2";
				TEST_HOST = "$(BUILT_PRODUCTS_DIR)/RenderImageTexture.app/RenderImageTexture";
			};
			name = Release;
		};
		32A8ABD7228FA63B0005F620 /* Debug */ = {
			isa = XCBuildConfiguration;
			buildSettings = {
				ALWAYS_EMBED_SWIFT_STANDARD_LIBRARIES = YES;
				CODE_SIGN_STYLE = Automatic;
				DEVELOPMENT_TEAM = 7UKCH28MMH;
				INFOPLIST_FILE = RenderImageTextureUITests/Info.plist;
				LD_RUNPATH_SEARCH_PATHS = (
					"$(inherited)",
					"@executable_path/Frameworks",
					"@loader_path/Frameworks",
				);
				PRODUCT_BUNDLE_IDENTIFIER = "CYF.zerozero.api.demo.-PinchTestdemo.RenderImageTextureUITests";
				PRODUCT_NAME = "$(TARGET_NAME)";
				SWIFT_VERSION = 5.0;
				TARGETED_DEVICE_FAMILY = "1,2";
				TEST_TARGET_NAME = RenderImageTexture;
			};
			name = Debug;
		};
		32A8ABD8228FA63B0005F620 /* Release */ = {
			isa = XCBuildConfiguration;
			buildSettings = {
				ALWAYS_EMBED_SWIFT_STANDARD_LIBRARIES = YES;
				CODE_SIGN_STYLE = Automatic;
				DEVELOPMENT_TEAM = 7UKCH28MMH;
				INFOPLIST_FILE = RenderImageTextureUITests/Info.plist;
				LD_RUNPATH_SEARCH_PATHS = (
					"$(inherited)",
					"@executable_path/Frameworks",
					"@loader_path/Frameworks",
				);
				PRODUCT_BUNDLE_IDENTIFIER = "CYF.zerozero.api.demo.-PinchTestdemo.RenderImageTextureUITests";
				PRODUCT_NAME = "$(TARGET_NAME)";
				SWIFT_VERSION = 5.0;
				TARGETED_DEVICE_FAMILY = "1,2";
				TEST_TARGET_NAME = RenderImageTexture;
			};
			name = Release;
		};
/* End XCBuildConfiguration section */

/* Begin XCConfigurationList section */
		32A8ABA3228FA63A0005F620 /* Build configuration list for PBXProject "RenderImageTexture" */ = {
			isa = XCConfigurationList;
			buildConfigurations = (
				32A8ABCE228FA63B0005F620 /* Debug */,
				32A8ABCF228FA63B0005F620 /* Release */,
			);
			defaultConfigurationIsVisible = 0;
			defaultConfigurationName = Release;
		};
		32A8ABD0228FA63B0005F620 /* Build configuration list for PBXNativeTarget "RenderImageTexture" */ = {
			isa = XCConfigurationList;
			buildConfigurations = (
				32A8ABD1228FA63B0005F620 /* Debug */,
				32A8ABD2228FA63B0005F620 /* Release */,
			);
			defaultConfigurationIsVisible = 0;
			defaultConfigurationName = Release;
		};
		32A8ABD3228FA63B0005F620 /* Build configuration list for PBXNativeTarget "RenderImageTextureTests" */ = {
			isa = XCConfigurationList;
			buildConfigurations = (
				32A8ABD4228FA63B0005F620 /* Debug */,
				32A8ABD5228FA63B0005F620 /* Release */,
			);
			defaultConfigurationIsVisible = 0;
			defaultConfigurationName = Release;
		};
		32A8ABD6228FA63B0005F620 /* Build configuration list for PBXNativeTarget "RenderImageTextureUITests" */ = {
			isa = XCConfigurationList;
			buildConfigurations = (
				32A8ABD7228FA63B0005F620 /* Debug */,
				32A8ABD8228FA63B0005F620 /* Release */,
			);
			defaultConfigurationIsVisible = 0;
			defaultConfigurationName = Release;
		};
/* End XCConfigurationList section */
	};
	rootObject = 32A8ABA0228FA63A0005F620 /* Project object */;
}
